
Microsoft Visual Studio Solution File, Format Version 10.00
# Visual Studio 2008
Project("{FAE04EC0-301F-11D3-BF4B-00C04F79EFBC}") = "DotNet20_FwChecker", "DotNet20_FwChecker\DotNet20_FwChecker.csproj", "{6AA69446-4EF2-4323-8A36-A9A755ED9E1B}"
EndProject
Project("{FAE04EC0-301F-11D3-BF4B-00C04F79EFBC}") = "DotNet30_FwChecker", "DotNet30_FwChecker\DotNet30_FwChecker.csproj", "{33C73948-52C7-4CB2-A6BE-9A93E4B84410}"
EndProject
Project("{FAE04EC0-301F-11D3-BF4B-00C04F79EFBC}") = "DotNet35_FwChecker", "DotNet35_FwChecker\DotNet35_FwChecker.csproj", "{C6AA0D0B-254E-4058-8167-F21F7162AF86}"
EndProject
Global
	GlobalSection(SolutionConfigurationPlatforms) = preSolution
		Debug|Any CPU = Debug|Any CPU
		Release|Any CPU = Release|Any CPU
	EndGlobalSection
	GlobalSection(ProjectConfigurationPlatforms) = postSolution
		{6AA69446-4EF2-4323-8A36-A9A755ED9E1B}.Debug|Any CPU.ActiveCfg = Debug|Any CPU
		{6AA69446-4EF2-4323-8A36-A9A755ED9E1B}.Debug|Any CPU.Build.0 = Debug|Any CPU
		{6AA69446-4EF2-4323-8A36-A9A755ED9E1B}.Release|Any CPU.ActiveCfg = Release|Any CPU
		{6AA69446-4EF2-4323-8A36-A9A755ED9E1B}.Release|Any CPU.Build.0 = Release|Any CPU
		{33C73948-52C7-4CB2-A6BE-9A93E4B84410}.Debug|Any CPU.ActiveCfg = Debug|Any CPU
		{33C73948-52C7-4CB2-A6BE-9A93E4B84410}.Debug|Any CPU.Build.0 = Debug|Any CPU
		{33C73948-52C7-4CB2-A6BE-9A93E4B84410}.Release|Any CPU.ActiveCfg = Release|Any CPU
		{33C73948-52C7-4CB2-A6BE-9A93E4B84410}.Release|Any CPU.Build.0 = Release|Any CPU
		{C6AA0D0B-254E-4058-8167-F21F7162AF86}.Debug|Any CPU.ActiveCfg = Debug|Any CPU
		{C6AA0D0B-254E-4058-8167-F21F7162AF86}.Debug|Any CPU.Build.0 = Debug|Any CPU
		{C6AA0D0B-254E-4058-8167-F21F7162AF86}.Release|Any CPU.ActiveCfg = Release|Any CPU
		{C6AA0D0B-254E-4058-8167-F21F7162AF86}.Release|Any CPU.Build.0 = Release|Any CPU
	EndGlobalSection
	GlobalSection(SolutionProperties) = preSolution
		HideSolutionNode = FALSE
	EndGlobalSection
EndGlobal
