
Microsoft Visual Studio Solution File, Format Version 10.00
# Visual Studio 2008
Project("{8BC9CEB8-8B4A-11D0-8D11-00A0C91BC942}") = "msvc2008_x64", "msvc2008_x64\msvc2008_x64.vcproj", "{713988F2-576E-4A5B-8F80-53DE3B6807BA}"
EndProject
Global
	GlobalSection(SolutionConfigurationPlatforms) = preSolution
		Debug|Win32 = Debug|Win32
		Release|Win32 = Release|Win32
		x86-debug|Win32 = x86-debug|Win32
	EndGlobalSection
	GlobalSection(ProjectConfigurationPlatforms) = postSolution
		{713988F2-576E-4A5B-8F80-53DE3B6807BA}.Debug|Win32.ActiveCfg = Debug|Win32
		{713988F2-576E-4A5B-8F80-53DE3B6807BA}.Debug|Win32.Build.0 = Debug|Win32
		{713988F2-576E-4A5B-8F80-53DE3B6807BA}.Release|Win32.ActiveCfg = Release|Win32
		{713988F2-576E-4A5B-8F80-53DE3B6807BA}.Release|Win32.Build.0 = Release|Win32
		{713988F2-576E-4A5B-8F80-53DE3B6807BA}.x86-debug|Win32.ActiveCfg = x86-debug|Win32
		{713988F2-576E-4A5B-8F80-53DE3B6807BA}.x86-debug|Win32.Build.0 = x86-debug|Win32
	EndGlobalSection
	GlobalSection(SolutionProperties) = preSolution
		HideSolutionNode = FALSE
	EndGlobalSection
EndGlobal
